// !$*UTF8*$!
{
	archiveVersion = 1;
	classes = {
	};
	objectVersion = 46;
	objects = {

/* Begin PBXBuildFile section */
		761072B719FE9AC700494247 /* AppDelegate.swift in Sources */ = {isa = PBXBuildFile; fileRef = 761072B619FE9AC700494247 /* AppDelegate.swift */; };
		761072B919FE9AC700494247 /* ViewController.swift in Sources */ = {isa = PBXBuildFile; fileRef = 761072B819FE9AC700494247 /* ViewController.swift */; };
		761072BC19FE9AC700494247 /* Main.storyboard in Resources */ = {isa = PBXBuildFile; fileRef = 761072BA19FE9AC700494247 /* Main.storyboard */; };
		761072BE19FE9AC700494247 /* Images.xcassets in Resources */ = {isa = PBXBuildFile; fileRef = 761072BD19FE9AC700494247 /* Images.xcassets */; };
		761072C119FE9AC700494247 /* LaunchScreen.xib in Resources */ = {isa = PBXBuildFile; fileRef = 761072BF19FE9AC700494247 /* LaunchScreen.xib */; };
		761072CD19FE9AC700494247 /* Blizzard_TestingTests.swift in Sources */ = {isa = PBXBuildFile; fileRef = 761072CC19FE9AC700494247 /* Blizzard_TestingTests.swift */; };
/* End PBXBuildFile section */

/* Begin PBXContainerItemProxy section */
		761072C719FE9AC700494247 /* PBXContainerItemProxy */ = {
			isa = PBXContainerItemProxy;
			containerPortal = 761072A919FE9AC600494247 /* Project object */;
			proxyType = 1;
			remoteGlobalIDString = 761072B019FE9AC700494247;
			remoteInfo = "Blizzard Testing";
		};
/* End PBXContainerItemProxy section */

/* Begin PBXFileReference section */
		761072B119FE9AC700494247 /* Blizzard Testing.app */ = {isa = PBXFileReference; explicitFileType = wrapper.application; includeInIndex = 0; path = "Blizzard Testing.app"; sourceTree = BUILT_PRODUCTS_DIR; };
		761072B519FE9AC700494247 /* Info.plist */ = {isa = PBXFileReference; lastKnownFileType = text.plist.xml; path = Info.plist; sourceTree = "<group>"; };
		761072B619FE9AC700494247 /* AppDelegate.swift */ = {isa = PBXFileReference; lastKnownFileType = sourcecode.swift; path = AppDelegate.swift; sourceTree = "<group>"; };
		761072B819FE9AC700494247 /* ViewController.swift */ = {isa = PBXFileReference; lastKnownFileType = sourcecode.swift; path = ViewController.swift; sourceTree = "<group>"; };
		761072BB19FE9AC700494247 /* Base */ = {isa = PBXFileReference; lastKnownFileType = file.storyboard; name = Base; path = Base.lproj/Main.storyboard; sourceTree = "<group>"; };
		761072BD19FE9AC700494247 /* Images.xcassets */ = {isa = PBXFileReference; lastKnownFileType = folder.assetcatalog; path = Images.xcassets; sourceTree = "<group>"; };
		761072C019FE9AC700494247 /* Base */ = {isa = PBXFileReference; lastKnownFileType = file.xib; name = Base; path = Base.lproj/LaunchScreen.xib; sourceTree = "<group>"; };
		761072C619FE9AC700494247 /* Blizzard TestingTests.xctest */ = {isa = PBXFileReference; explicitFileType = wrapper.cfbundle; includeInIndex = 0; path = "Blizzard TestingTests.xctest"; sourceTree = BUILT_PRODUCTS_DIR; };
		761072CB19FE9AC700494247 /* Info.plist */ = {isa = PBXFileReference; lastKnownFileType = text.plist.xml; path = Info.plist; sourceTree = "<group>"; };
		761072CC19FE9AC700494247 /* Blizzard_TestingTests.swift */ = {isa = PBXFileReference; lastKnownFileType = sourcecode.swift; path = Blizzard_TestingTests.swift; sourceTree = "<group>"; };
/* End PBXFileReference section */

/* Begin PBXFrameworksBuildPhase section */
		761072AE19FE9AC700494247 /* Frameworks */ = {
			isa = PBXFrameworksBuildPhase;
			buildActionMask = 2147483647;
			files = (
			);
			runOnlyForDeploymentPostprocessing = 0;
		};
		761072C319FE9AC700494247 /* Frameworks */ = {
			isa = PBXFrameworksBuildPhase;
			buildActionMask = 2147483647;
			files = (
			);
			runOnlyForDeploymentPostprocessing = 0;
		};
/* End PBXFrameworksBuildPhase section */

/* Begin PBXGroup section */
		761072A819FE9AC600494247 = {
			isa = PBXGroup;
			children = (
				761072B319FE9AC700494247 /* Blizzard Testing */,
				761072C919FE9AC700494247 /* Blizzard TestingTests */,
				761072B219FE9AC700494247 /* Products */,
			);
			sourceTree = "<group>";
		};
		761072B219FE9AC700494247 /* Products */ = {
			isa = PBXGroup;
			children = (
				761072B119FE9AC700494247 /* Blizzard Testing.app */,
				761072C619FE9AC700494247 /* Blizzard TestingTests.xctest */,
			);
			name = Products;
			sourceTree = "<group>";
		};
		761072B319FE9AC700494247 /* Blizzard Testing */ = {
			isa = PBXGroup;
			children = (
				761072B619FE9AC700494247 /* AppDelegate.swift */,
				761072B819FE9AC700494247 /* ViewController.swift */,
				761072BA19FE9AC700494247 /* Main.storyboard */,
				761072BD19FE9AC700494247 /* Images.xcassets */,
				761072BF19FE9AC700494247 /* LaunchScreen.xib */,
				761072B419FE9AC700494247 /* Supporting Files */,
			);
			path = "Blizzard Testing";
			sourceTree = "<group>";
		};
		761072B419FE9AC700494247 /* Supporting Files */ = {
			isa = PBXGroup;
			children = (
				761072B519FE9AC700494247 /* Info.plist */,
			);
			name = "Supporting Files";
			sourceTree = "<group>";
		};
		761072C919FE9AC700494247 /* Blizzard TestingTests */ = {
			isa = PBXGroup;
			children = (
				761072CC19FE9AC700494247 /* Blizzard_TestingTests.swift */,
				761072CA19FE9AC700494247 /* Supporting Files */,
			);
			path = "Blizzard TestingTests";
			sourceTree = "<group>";
		};
		761072CA19FE9AC700494247 /* Supporting Files */ = {
			isa = PBXGroup;
			children = (
				761072CB19FE9AC700494247 /* Info.plist */,
			);
			name = "Supporting Files";
			sourceTree = "<group>";
		};
/* End PBXGroup section */

/* Begin PBXNativeTarget section */
		761072B019FE9AC700494247 /* Blizzard Testing */ = {
			isa = PBXNativeTarget;
			buildConfigurationList = 761072D019FE9AC700494247 /* Build configuration list for PBXNativeTarget "Blizzard Testing" */;
			buildPhases = (
				761072AD19FE9AC700494247 /* Sources */,
				761072AE19FE9AC700494247 /* Frameworks */,
				761072AF19FE9AC700494247 /* Resources */,
			);
			buildRules = (
			);
			dependencies = (
			);
			name = "Blizzard Testing";
			productName = "Blizzard Testing";
			productReference = 761072B119FE9AC700494247 /* Blizzard Testing.app */;
			productType = "com.apple.product-type.application";
		};
		761072C519FE9AC700494247 /* Blizzard TestingTests */ = {
			isa = PBXNativeTarget;
			buildConfigurationList = 761072D319FE9AC700494247 /* Build configuration list for PBXNativeTarget "Blizzard TestingTests" */;
			buildPhases = (
				761072C219FE9AC700494247 /* Sources */,
				761072C319FE9AC700494247 /* Frameworks */,
				761072C419FE9AC700494247 /* Resources */,
			);
			buildRules = (
			);
			dependencies = (
				761072C819FE9AC700494247 /* PBXTargetDependency */,
			);
			name = "Blizzard TestingTests";
			productName = "Blizzard TestingTests";
			productReference = 761072C619FE9AC700494247 /* Blizzard TestingTests.xctest */;
			productType = "com.apple.product-type.bundle.unit-test";
		};
/* End PBXNativeTarget section */

/* Begin PBXProject section */
		761072A919FE9AC600494247 /* Project object */ = {
			isa = PBXProject;
			attributes = {
				LastUpgradeCheck = 0600;
				ORGANIZATIONNAME = "Jarrod Glissmann";
				TargetAttributes = {
					761072B019FE9AC700494247 = {
						CreatedOnToolsVersion = 6.0;
					};
					761072C519FE9AC700494247 = {
						CreatedOnToolsVersion = 6.0;
						TestTargetID = 761072B019FE9AC700494247;
					};
				};
			};
			buildConfigurationList = 761072AC19FE9AC600494247 /* Build configuration list for PBXProject "Blizzard Testing" */;
			compatibilityVersion = "Xcode 3.2";
			developmentRegion = English;
			hasScannedForEncodings = 0;
			knownRegions = (
				en,
				Base,
			);
			mainGroup = 761072A819FE9AC600494247;
			productRefGroup = 761072B219FE9AC700494247 /* Products */;
			projectDirPath = "";
			projectRoot = "";
			targets = (
				761072B019FE9AC700494247 /* Blizzard Testing */,
				761072C519FE9AC700494247 /* Blizzard TestingTests */,
			);
		};
/* End PBXProject section */

/* Begin PBXResourcesBuildPhase section */
		761072AF19FE9AC700494247 /* Resources */ = {
			isa = PBXResourcesBuildPhase;
			buildActionMask = 2147483647;
			files = (
				761072BC19FE9AC700494247 /* Main.storyboard in Resources */,
				761072C119FE9AC700494247 /* LaunchScreen.xib in Resources */,
				761072BE19FE9AC700494247 /* Images.xcassets in Resources */,
			);
			runOnlyForDeploymentPostprocessing = 0;
		};
		761072C419FE9AC700494247 /* Resources */ = {
			isa = PBXResourcesBuildPhase;
			buildActionMask = 2147483647;
			files = (
			);
			runOnlyForDeploymentPostprocessing = 0;
		};
/* End PBXResourcesBuildPhase section */

/* Begin PBXSourcesBuildPhase section */
		761072AD19FE9AC700494247 /* Sources */ = {
			isa = PBXSourcesBuildPhase;
			buildActionMask = 2147483647;
			files = (
				761072B919FE9AC700494247 /* ViewController.swift in Sources */,
				761072B719FE9AC700494247 /* AppDelegate.swift in Sources */,
			);
			runOnlyForDeploymentPostprocessing = 0;
		};
		761072C219FE9AC700494247 /* Sources */ = {
			isa = PBXSourcesBuildPhase;
			buildActionMask = 2147483647;
			files = (
				761072CD19FE9AC700494247 /* Blizzard_TestingTests.swift in Sources */,
			);
			runOnlyForDeploymentPostprocessing = 0;
		};
/* End PBXSourcesBuildPhase section */

/* Begin PBXTargetDependency section */
		761072C819FE9AC700494247 /* PBXTargetDependency */ = {
			isa = PBXTargetDependency;
			target = 761072B019FE9AC700494247 /* Blizzard Testing */;
			targetProxy = 761072C719FE9AC700494247 /* PBXContainerItemProxy */;
		};
/* End PBXTargetDependency section */

/* Begin PBXVariantGroup section */
		761072BA19FE9AC700494247 /* Main.storyboard */ = {
			isa = PBXVariantGroup;
			children = (
				761072BB19FE9AC700494247 /* Base */,
			);
			name = Main.storyboard;
			sourceTree = "<group>";
		};
		761072BF19FE9AC700494247 /* LaunchScreen.xib */ = {
			isa = PBXVariantGroup;
			children = (
				761072C019FE9AC700494247 /* Base */,
			);
			name = LaunchScreen.xib;
			sourceTree = "<group>";
		};
/* End PBXVariantGroup section */

/* Begin XCBuildConfiguration section */
		761072CE19FE9AC700494247 /* Debug */ = {
			isa = XCBuildConfiguration;
			buildSettings = {
				ALWAYS_SEARCH_USER_PATHS = NO;
				CLANG_CXX_LANGUAGE_STANDARD = "gnu++0x";
				CLANG_CXX_LIBRARY = "libc++";
				CLANG_ENABLE_MODULES = YES;
				CLANG_ENABLE_OBJC_ARC = YES;
				CLANG_WARN_BOOL_CONVERSION = YES;
				CLANG_WARN_CONSTANT_CONVERSION = YES;
				CLANG_WARN_DIRECT_OBJC_ISA_USAGE = YES_ERROR;
				CLANG_WARN_EMPTY_BODY = YES;
				CLANG_WARN_ENUM_CONVERSION = YES;
				CLANG_WARN_INT_CONVERSION = YES;
				CLANG_WARN_OBJC_ROOT_CLASS = YES_ERROR;
				CLANG_WARN_UNREACHABLE_CODE = YES;
				CLANG_WARN__DUPLICATE_METHOD_MATCH = YES;
				"CODE_SIGN_IDENTITY[sdk=iphoneos*]" = "iPhone Developer";
				COPY_PHASE_STRIP = NO;
				ENABLE_STRICT_OBJC_MSGSEND = YES;
				GCC_C_LANGUAGE_STANDARD = gnu99;
				GCC_DYNAMIC_NO_PIC = NO;
				GCC_OPTIMIZATION_LEVEL = 0;
				GCC_PREPROCESSOR_DEFINITIONS = (
					"DEBUG=1",
					"$(inherited)",
				);
				GCC_SYMBOLS_PRIVATE_EXTERN = NO;
				GCC_WARN_64_TO_32_BIT_CONVERSION = YES;
				GCC_WARN_ABOUT_RETURN_TYPE = YES_ERROR;
				GCC_WARN_UNDECLARED_SELECTOR = YES;
				GCC_WARN_UNINITIALIZED_AUTOS = YES_AGGRESSIVE;
				GCC_WARN_UNUSED_FUNCTION = YES;
				GCC_WARN_UNUSED_VARIABLE = YES;
				IPHONEOS_DEPLOYMENT_TARGET = 8.0;
				MTL_ENABLE_DEBUG_INFO = YES;
				ONLY_ACTIVE_ARCH = YES;
				SDKROOT = iphoneos;
				SWIFT_OPTIMIZATION_LEVEL = "-Onone";
				TARGETED_DEVICE_FAMILY = "1,2";
			};
			name = Debug;
		};
		761072CF19FE9AC700494247 /* Release */ = {
			isa = XCBuildConfiguration;
			buildSettings = {
				ALWAYS_SEARCH_USER_PATHS = NO;
				CLANG_CXX_LANGUAGE_STANDARD = "gnu++0x";
				CLANG_CXX_LIBRARY = "libc++";
				CLANG_ENABLE_MODULES = YES;
				CLANG_ENABLE_OBJC_ARC = YES;
				CLANG_WARN_BOOL_CONVERSION = YES;
				CLANG_WARN_CONSTANT_CONVERSION = YES;
				CLANG_WARN_DIRECT_OBJC_ISA_USAGE = YES_ERROR;
				CLANG_WARN_EMPTY_BODY = YES;
				CLANG_WARN_ENUM_CONVERSION = YES;
				CLANG_WARN_INT_CONVERSION = YES;
				CLANG_WARN_OBJC_ROOT_CLASS = YES_ERROR;
				CLANG_WARN_UNREACHABLE_CODE = YES;
				CLANG_WARN__DUPLICATE_METHOD_MATCH = YES;
				"CODE_SIGN_IDENTITY[sdk=iphoneos*]" = "iPhone Developer";
				COPY_PHASE_STRIP = YES;
				ENABLE_NS_ASSERTIONS = NO;
				ENABLE_STRICT_OBJC_MSGSEND = YES;
				GCC_C_LANGUAGE_STANDARD = gnu99;
				GCC_WARN_64_TO_32_BIT_CONVERSION = YES;
				GCC_WARN_ABOUT_RETURN_TYPE = YES_ERROR;
				GCC_WARN_UNDECLARED_SELECTOR = YES;
				GCC_WARN_UNINITIALIZED_AUTOS = YES_AGGRESSIVE;
				GCC_WARN_UNUSED_FUNCTION = YES;
				GCC_WARN_UNUSED_VARIABLE = YES;
				IPHONEOS_DEPLOYMENT_TARGET = 8.0;
				MTL_ENABLE_DEBUG_INFO = NO;
				SDKROOT = iphoneos;
				TARGETED_DEVICE_FAMILY = "1,2";
				VALIDATE_PRODUCT = YES;
			};
			name = Release;
		};
		761072D119FE9AC700494247 /* Debug */ = {
			isa = XCBuildConfiguration;
			buildSettings = {
				ASSETCATALOG_COMPILER_APPICON_NAME = AppIcon;
				INFOPLIST_FILE = "Blizzard Testing/Info.plist";
				LD_RUNPATH_SEARCH_PATHS = "$(inherited) @executable_path/Frameworks";
				PRODUCT_NAME = "$(TARGET_NAME)";
			};
			name = Debug;
		};
		761072D219FE9AC700494247 /* Release */ = {
			isa = XCBuildConfiguration;
			buildSettings = {
				ASSETCATALOG_COMPILER_APPICON_NAME = AppIcon;
				INFOPLIST_FILE = "Blizzard Testing/Info.plist";
				LD_RUNPATH_SEARCH_PATHS = "$(inherited) @executable_path/Frameworks";
				PRODUCT_NAME = "$(TARGET_NAME)";
			};
			name = Release;
		};
		761072D419FE9AC700494247 /* Debug */ = {
			isa = XCBuildConfiguration;
			buildSettings = {
				BUNDLE_LOADER = "$(TEST_HOST)";
				FRAMEWORK_SEARCH_PATHS = (
					"$(SDKROOT)/Developer/Library/Frameworks",
					"$(inherited)",
				);
				GCC_PREPROCESSOR_DEFINITIONS = (
					"DEBUG=1",
					"$(inherited)",
				);
				INFOPLIST_FILE = "Blizzard TestingTests/Info.plist";
				LD_RUNPATH_SEARCH_PATHS = "$(inherited) @executable_path/Frameworks @loader_path/Frameworks";
				PRODUCT_NAME = "$(TARGET_NAME)";
				TEST_HOST = "$(BUILT_PRODUCTS_DIR)/Blizzard Testing.app/Blizzard Testing";
			};
			name = Debug;
		};
		761072D519FE9AC700494247 /* Release */ = {
			isa = XCBuildConfiguration;
			buildSettings = {
				BUNDLE_LOADER = "$(TEST_HOST)";
				FRAMEWORK_SEARCH_PATHS = (
					"$(SDKROOT)/Developer/Library/Frameworks",
					"$(inherited)",
				);
				INFOPLIST_FILE = "Blizzard TestingTests/Info.plist";
				LD_RUNPATH_SEARCH_PATHS = "$(inherited) @executable_path/Frameworks @loader_path/Frameworks";
				PRODUCT_NAME = "$(TARGET_NAME)";
				TEST_HOST = "$(BUILT_PRODUCTS_DIR)/Blizzard Testing.app/Blizzard Testing";
			};
			name = Release;
		};
/* End XCBuildConfiguration section */

/* Begin XCConfigurationList section */
		761072AC19FE9AC600494247 /* Build configuration list for PBXProject "Blizzard Testing" */ = {
			isa = XCConfigurationList;
			buildConfigurations = (
				761072CE19FE9AC700494247 /* Debug */,
				761072CF19FE9AC700494247 /* Release */,
			);
			defaultConfigurationIsVisible = 0;
			defaultConfigurationName = Release;
		};
		761072D019FE9AC700494247 /* Build configuration list for PBXNativeTarget "Blizzard Testing" */ = {
			isa = XCConfigurationList;
			buildConfigurations = (
				761072D119FE9AC700494247 /* Debug */,
				761072D219FE9AC700494247 /* Release */,
			);
			defaultConfigurationIsVisible = 0;
		};
		761072D319FE9AC700494247 /* Build configuration list for PBXNativeTarget "Blizzard TestingTests" */ = {
			isa = XCConfigurationList;
			buildConfigurations = (
				761072D419FE9AC700494247 /* Debug */,
				761072D519FE9AC700494247 /* Release */,
			);
			defaultConfigurationIsVisible = 0;
		};
/* End XCConfigurationList section */
	};
	rootObject = 761072A919FE9AC600494247 /* Project object */;
}
